
Microsoft Visual Studio Solution File, Format Version 12.00
# Visual Studio 15
VisualStudioVersion = 15.0.28307.271
MinimumVisualStudioVersion = 10.0.40219.1
Project("{9A19103F-16F7-4668-BE54-9A1E7A4F7556}") = "PiLights", "src\PiLights\PiLights.csproj", "{4A0AADFB-EE67-41B2-AFAA-53C7FAB6CA95}"
EndProject
Project("{9A19103F-16F7-4668-BE54-9A1E7A4F7556}") = "PiLights.Test", "test\PiLights.Test\PiLights.Test.csproj", "{E87C1BD6-AEB0-4D62-8D6A-7CC52C9BC49C}"
EndProject
Project("{9A19103F-16F7-4668-BE54-9A1E7A4F7556}") = "LightCommandLanguage", "src\LightCommandLanguage\LightCommandLanguage.csproj", "{EE94AB44-CE9D-4717-B84B-06B47C1F9BB5}"
EndProject
Project("{9A19103F-16F7-4668-BE54-9A1E7A4F7556}") = "TestSocketListener", "src\TestSocketListener\TestSocketListener.csproj", "{B2E7591F-31EA-4936-A9AE-DF98021659D9}"
EndProject
Project("{9A19103F-16F7-4668-BE54-9A1E7A4F7556}") = "LightCommandLanguage.Test", "test\LightCommandLanguage.Test\LightCommandLanguage.Test.csproj", "{82C0CDDF-B082-4A94-AC66-7486009B4491}"
EndProject
Project("{2150E333-8FDC-42A3-9474-1A3956D46DE8}") = "src", "src", "{BE65795F-90CB-44CB-AB44-8F2150BAEA0E}"
EndProject
Project("{2150E333-8FDC-42A3-9474-1A3956D46DE8}") = "test", "test", "{659D61E6-BEFD-4763-82A8-2E1D1C2899B5}"
EndProject
Global
	GlobalSection(SolutionConfigurationPlatforms) = preSolution
		Debug|Any CPU = Debug|Any CPU
		Release|Any CPU = Release|Any CPU
	EndGlobalSection
	GlobalSection(ProjectConfigurationPlatforms) = postSolution
		{4A0AADFB-EE67-41B2-AFAA-53C7FAB6CA95}.Debug|Any CPU.ActiveCfg = Debug|Any CPU
		{4A0AADFB-EE67-41B2-AFAA-53C7FAB6CA95}.Debug|Any CPU.Build.0 = Debug|Any CPU
		{4A0AADFB-EE67-41B2-AFAA-53C7FAB6CA95}.Release|Any CPU.ActiveCfg = Release|Any CPU
		{4A0AADFB-EE67-41B2-AFAA-53C7FAB6CA95}.Release|Any CPU.Build.0 = Release|Any CPU
		{E87C1BD6-AEB0-4D62-8D6A-7CC52C9BC49C}.Debug|Any CPU.ActiveCfg = Debug|Any CPU
		{E87C1BD6-AEB0-4D62-8D6A-7CC52C9BC49C}.Debug|Any CPU.Build.0 = Debug|Any CPU
		{E87C1BD6-AEB0-4D62-8D6A-7CC52C9BC49C}.Release|Any CPU.ActiveCfg = Release|Any CPU
		{E87C1BD6-AEB0-4D62-8D6A-7CC52C9BC49C}.Release|Any CPU.Build.0 = Release|Any CPU
		{EE94AB44-CE9D-4717-B84B-06B47C1F9BB5}.Debug|Any CPU.ActiveCfg = Debug|Any CPU
		{EE94AB44-CE9D-4717-B84B-06B47C1F9BB5}.Debug|Any CPU.Build.0 = Debug|Any CPU
		{EE94AB44-CE9D-4717-B84B-06B47C1F9BB5}.Release|Any CPU.ActiveCfg = Release|Any CPU
		{EE94AB44-CE9D-4717-B84B-06B47C1F9BB5}.Release|Any CPU.Build.0 = Release|Any CPU
		{B2E7591F-31EA-4936-A9AE-DF98021659D9}.Debug|Any CPU.ActiveCfg = Debug|Any CPU
		{B2E7591F-31EA-4936-A9AE-DF98021659D9}.Debug|Any CPU.Build.0 = Debug|Any CPU
		{B2E7591F-31EA-4936-A9AE-DF98021659D9}.Release|Any CPU.ActiveCfg = Release|Any CPU
		{B2E7591F-31EA-4936-A9AE-DF98021659D9}.Release|Any CPU.Build.0 = Release|Any CPU
		{82C0CDDF-B082-4A94-AC66-7486009B4491}.Debug|Any CPU.ActiveCfg = Debug|Any CPU
		{82C0CDDF-B082-4A94-AC66-7486009B4491}.Debug|Any CPU.Build.0 = Debug|Any CPU
		{82C0CDDF-B082-4A94-AC66-7486009B4491}.Release|Any CPU.ActiveCfg = Release|Any CPU
		{82C0CDDF-B082-4A94-AC66-7486009B4491}.Release|Any CPU.Build.0 = Release|Any CPU
	EndGlobalSection
	GlobalSection(SolutionProperties) = preSolution
		HideSolutionNode = FALSE
	EndGlobalSection
	GlobalSection(NestedProjects) = preSolution
		{4A0AADFB-EE67-41B2-AFAA-53C7FAB6CA95} = {BE65795F-90CB-44CB-AB44-8F2150BAEA0E}
		{E87C1BD6-AEB0-4D62-8D6A-7CC52C9BC49C} = {659D61E6-BEFD-4763-82A8-2E1D1C2899B5}
		{EE94AB44-CE9D-4717-B84B-06B47C1F9BB5} = {BE65795F-90CB-44CB-AB44-8F2150BAEA0E}
		{B2E7591F-31EA-4936-A9AE-DF98021659D9} = {BE65795F-90CB-44CB-AB44-8F2150BAEA0E}
		{82C0CDDF-B082-4A94-AC66-7486009B4491} = {659D61E6-BEFD-4763-82A8-2E1D1C2899B5}
	EndGlobalSection
	GlobalSection(ExtensibilityGlobals) = postSolution
		SolutionGuid = {80AB411B-6A1D-4862-B986-267A1F0B43D1}
	EndGlobalSection
EndGlobal
